{
    "name": "helloworld",
    "version": "1.0.0",
    "lockfileVersion": 1,
    "requires": true,
    "dependencies": {
        "android-versions": {
            "version": "1.2.1",
            "resolved": "https://registry.npmjs.org/android-versions/-/android-versions-1.2.1.tgz",
            "integrity": "sha512-k6zlrtWbJ3tx1ZsyyJ0Bo3r6cqPA3JUnFGv7pnIaLr1XVxSi2Tcem2lg3kBebFp27v/A40tZqdlouPyakpyKrw=="
        },
        "balanced-match": {
            "version": "1.0.0",
            "resolved": "https://registry.npmjs.org/balanced-match/-/balanced-match-1.0.0.tgz",
            "integrity": "sha1-ibTRmasr7kneFk6gK4nORi1xt2c="
        },
        "base64-js": {
            "version": "1.2.0",
            "resolved": "https://registry.npmjs.org/base64-js/-/base64-js-1.2.0.tgz",
            "integrity": "sha1-o5mS1yNYSBGYK+XikLtqU9hnAPE="
        },
        "brace-expansion": {
            "version": "1.1.8",
            "resolved": "https://registry.npmjs.org/brace-expansion/-/brace-expansion-1.1.8.tgz",
            "integrity": "sha1-wHshHHyVLsH479Uad+8NHTmQopI=",
            "requires": {
                "balanced-match": "1.0.0",
                "concat-map": "0.0.1"
            }
        },
        "concat-map": {
            "version": "0.0.1",
            "resolved": "https://registry.npmjs.org/concat-map/-/concat-map-0.0.1.tgz",
            "integrity": "sha1-2Klr13/Wjfd5OnMDajug1UBdR3s="
        },
        "cordova-android": {
            "version": "6.3.0",
            "resolved": "https://registry.npmjs.org/cordova-android/-/cordova-android-6.3.0.tgz",
            "integrity": "sha1-2lQYQz0lx1pZd7QoJEu+Q30BKNI=",
            "requires": {
                "android-versions": "1.2.1",
                "cordova-common": "2.1.0",
                "elementtree": "0.1.6",
                "nopt": "3.0.6",
                "properties-parser": "0.2.3",
                "q": "1.5.0",
                "shelljs": "0.5.3"
            },
            "dependencies": {
                "abbrev": {
                    "version": "1.1.0",
                    "bundled": true
                },
                "ansi": {
                    "version": "0.3.1",
                    "bundled": true
                },
                "balanced-match": {
                    "version": "1.0.0",
                    "bundled": true
                },
                "base64-js": {
                    "version": "0.0.8",
                    "bundled": true
                },
                "big-integer": {
                    "version": "1.6.25",
                    "bundled": true
                },
                "bplist-parser": {
                    "version": "0.1.1",
                    "bundled": true,
                    "requires": {
                        "big-integer": "1.6.25"
                    }
                },
                "brace-expansion": {
                    "version": "1.1.8",
                    "bundled": true,
                    "requires": {
                        "balanced-match": "1.0.0",
                        "concat-map": "0.0.1"
                    }
                },
                "concat-map": {
                    "version": "0.0.1",
                    "bundled": true
                },
                "cordova-common": {
                    "version": "2.1.0",
                    "bundled": true,
                    "requires": {
                        "ansi": "0.3.1",
                        "bplist-parser": "0.1.1",
                        "cordova-registry-mapper": "1.1.15",
                        "elementtree": "0.1.6",
                        "glob": "5.0.15",
                        "minimatch": "3.0.4",
                        "osenv": "0.1.4",
                        "plist": "1.2.0",
                        "q": "1.5.0",
                        "semver": "5.4.1",
                        "shelljs": "0.5.3",
                        "underscore": "1.8.3",
                        "unorm": "1.4.1"
                    }
                },
                "cordova-registry-mapper": {
                    "version": "1.1.15",
                    "bundled": true
                },
                "elementtree": {
                    "version": "0.1.6",
                    "bundled": true,
                    "requires": {
                        "sax": "0.3.5"
                    }
                },
                "glob": {
                    "version": "5.0.15",
                    "bundled": true,
                    "requires": {
                        "inflight": "1.0.6",
                        "inherits": "2.0.3",
                        "minimatch": "3.0.4",
                        "once": "1.4.0",
                        "path-is-absolute": "1.0.1"
                    }
                },
                "inflight": {
                    "version": "1.0.6",
                    "bundled": true,
                    "requires": {
                        "once": "1.4.0",
                        "wrappy": "1.0.2"
                    }
                },
                "inherits": {
                    "version": "2.0.3",
                    "bundled": true
                },
                "lodash": {
                    "version": "3.10.1",
                    "bundled": true
                },
                "minimatch": {
                    "version": "3.0.4",
                    "bundled": true,
                    "requires": {
                        "brace-expansion": "1.1.8"
                    }
                },
                "nopt": {
                    "version": "3.0.6",
                    "bundled": true,
                    "requires": {
                        "abbrev": "1.1.0"
                    }
                },
                "once": {
                    "version": "1.4.0",
                    "bundled": true,
                    "requires": {
                        "wrappy": "1.0.2"
                    }
                },
                "os-homedir": {
                    "version": "1.0.2",
                    "bundled": true
                },
                "os-tmpdir": {
                    "version": "1.0.2",
                    "bundled": true
                },
                "osenv": {
                    "version": "0.1.4",
                    "bundled": true,
                    "requires": {
                        "os-homedir": "1.0.2",
                        "os-tmpdir": "1.0.2"
                    }
                },
                "path-is-absolute": {
                    "version": "1.0.1",
                    "bundled": true
                },
                "plist": {
                    "version": "1.2.0",
                    "bundled": true,
                    "requires": {
                        "base64-js": "0.0.8",
                        "util-deprecate": "1.0.2",
                        "xmlbuilder": "4.0.0",
                        "xmldom": "0.1.27"
                    }
                },
                "properties-parser": {
                    "version": "0.2.3",
                    "bundled": true
                },
                "q": {
                    "version": "1.5.0",
                    "bundled": true
                },
                "sax": {
                    "version": "0.3.5",
                    "bundled": true
                },
                "semver": {
                    "version": "5.4.1",
                    "bundled": true
                },
                "shelljs": {
                    "version": "0.5.3",
                    "bundled": true
                },
                "underscore": {
                    "version": "1.8.3",
                    "bundled": true
                },
                "unorm": {
                    "version": "1.4.1",
                    "bundled": true
                },
                "util-deprecate": {
                    "version": "1.0.2",
                    "bundled": true
                },
                "wrappy": {
                    "version": "1.0.2",
                    "bundled": true
                },
                "xmlbuilder": {
                    "version": "4.0.0",
                    "bundled": true,
                    "requires": {
                        "lodash": "3.10.1"
                    }
                },
                "xmldom": {
                    "version": "0.1.27",
                    "bundled": true
                }
            }
        },
        "cordova-ios": {
            "version": "git+https://github.com/apache/cordova-ios.git#aaf229b0370ff315b571ea8b7c4648c315fb322d",
            "requires": {
                "cordova-common": "2.1.0",
                "ios-sim": "6.1.2",
                "nopt": "3.0.6",
                "plist": "1.2.0",
                "q": "1.5.1",
                "shelljs": "0.5.3",
                "xcode": "0.9.3",
                "xml-escape": "1.1.0"
            },
            "dependencies": {
                "abbrev": {
                    "version": "1.1.1",
                    "bundled": true
                },
                "ansi": {
                    "version": "0.3.1",
                    "bundled": true
                },
                "balanced-match": {
                    "version": "1.0.0",
                    "bundled": true
                },
                "base64-js": {
                    "version": "0.0.8",
                    "bundled": true
                },
                "big-integer": {
                    "version": "1.6.25",
                    "bundled": true
                },
                "bplist-creator": {
                    "version": "0.0.7",
                    "bundled": true,
                    "requires": {
                        "stream-buffers": "2.2.0"
                    }
                },
                "bplist-parser": {
                    "version": "0.1.1",
                    "bundled": true,
                    "requires": {
                        "big-integer": "1.6.25"
                    }
                },
                "brace-expansion": {
                    "version": "1.1.8",
                    "bundled": true,
                    "requires": {
                        "balanced-match": "1.0.0",
                        "concat-map": "0.0.1"
                    }
                },
                "concat-map": {
                    "version": "0.0.1",
                    "bundled": true
                },
                "cordova-common": {
                    "version": "2.1.0",
                    "bundled": true,
                    "requires": {
                        "ansi": "0.3.1",
                        "bplist-parser": "0.1.1",
                        "cordova-registry-mapper": "1.1.15",
                        "elementtree": "0.1.6",
                        "glob": "5.0.15",
                        "minimatch": "3.0.4",
                        "osenv": "0.1.4",
                        "plist": "1.2.0",
                        "q": "1.5.1",
                        "semver": "5.4.1",
                        "shelljs": "0.5.3",
                        "underscore": "1.8.3",
                        "unorm": "1.4.1"
                    }
                },
                "cordova-registry-mapper": {
                    "version": "1.1.15",
                    "bundled": true
                },
                "elementtree": {
                    "version": "0.1.6",
                    "bundled": true,
                    "requires": {
                        "sax": "0.3.5"
                    }
                },
                "glob": {
                    "version": "5.0.15",
                    "bundled": true,
                    "requires": {
                        "inflight": "1.0.6",
                        "inherits": "2.0.3",
                        "minimatch": "3.0.4",
                        "once": "1.4.0",
                        "path-is-absolute": "1.0.1"
                    }
                },
                "inflight": {
                    "version": "1.0.6",
                    "bundled": true,
                    "requires": {
                        "once": "1.4.0",
                        "wrappy": "1.0.2"
                    }
                },
                "inherits": {
                    "version": "2.0.3",
                    "bundled": true
                },
                "ios-sim": {
                    "version": "6.1.2",
                    "bundled": true,
                    "requires": {
                        "bplist-parser": "0.0.6",
                        "nopt": "1.0.9",
                        "plist": "1.2.0",
                        "simctl": "1.1.1"
                    },
                    "dependencies": {
                        "bplist-parser": {
                            "version": "0.0.6",
                            "bundled": true
                        },
                        "nopt": {
                            "version": "1.0.9",
                            "bundled": true,
                            "requires": {
                                "abbrev": "1.1.1"
                            }
                        }
                    }
                },
                "lodash": {
                    "version": "3.10.1",
                    "bundled": true
                },
                "minimatch": {
                    "version": "3.0.4",
                    "bundled": true,
                    "requires": {
                        "brace-expansion": "1.1.8"
                    }
                },
                "nopt": {
                    "version": "3.0.6",
                    "bundled": true,
                    "requires": {
                        "abbrev": "1.1.1"
                    }
                },
                "once": {
                    "version": "1.4.0",
                    "bundled": true,
                    "requires": {
                        "wrappy": "1.0.2"
                    }
                },
                "os-homedir": {
                    "version": "1.0.2",
                    "bundled": true
                },
                "os-tmpdir": {
                    "version": "1.0.2",
                    "bundled": true
                },
                "osenv": {
                    "version": "0.1.4",
                    "bundled": true,
                    "requires": {
                        "os-homedir": "1.0.2",
                        "os-tmpdir": "1.0.2"
                    }
                },
                "path-is-absolute": {
                    "version": "1.0.1",
                    "bundled": true
                },
                "pegjs": {
                    "version": "0.10.0",
                    "bundled": true
                },
                "plist": {
                    "version": "1.2.0",
                    "bundled": true,
                    "requires": {
                        "base64-js": "0.0.8",
                        "util-deprecate": "1.0.2",
                        "xmlbuilder": "4.0.0",
                        "xmldom": "0.1.27"
                    }
                },
                "q": {
                    "version": "1.5.1",
                    "bundled": true
                },
                "sax": {
                    "version": "0.3.5",
                    "bundled": true
                },
                "semver": {
                    "version": "5.4.1",
                    "bundled": true
                },
                "shelljs": {
                    "version": "0.5.3",
                    "bundled": true
                },
                "simctl": {
                    "version": "1.1.1",
                    "bundled": true,
                    "requires": {
                        "shelljs": "0.2.6",
                        "tail": "0.4.0"
                    },
                    "dependencies": {
                        "shelljs": {
                            "version": "0.2.6",
                            "bundled": true
                        }
                    }
                },
                "simple-plist": {
                    "version": "0.2.1",
                    "bundled": true,
                    "requires": {
                        "bplist-creator": "0.0.7",
                        "bplist-parser": "0.1.1",
                        "plist": "2.0.1"
                    },
                    "dependencies": {
                        "base64-js": {
                            "version": "1.1.2",
                            "bundled": true
                        },
                        "plist": {
                            "version": "2.0.1",
                            "bundled": true,
                            "requires": {
                                "base64-js": "1.1.2",
                                "xmlbuilder": "8.2.2",
                                "xmldom": "0.1.27"
                            }
                        },
                        "xmlbuilder": {
                            "version": "8.2.2",
                            "bundled": true
                        }
                    }
                },
                "stream-buffers": {
                    "version": "2.2.0",
                    "bundled": true
                },
                "tail": {
                    "version": "0.4.0",
                    "bundled": true
                },
                "underscore": {
                    "version": "1.8.3",
                    "bundled": true
                },
                "unorm": {
                    "version": "1.4.1",
                    "bundled": true
                },
                "util-deprecate": {
                    "version": "1.0.2",
                    "bundled": true
                },
                "uuid": {
                    "version": "3.0.1",
                    "bundled": true
                },
                "wrappy": {
                    "version": "1.0.2",
                    "bundled": true
                },
                "xcode": {
                    "version": "0.9.3",
                    "bundled": true,
                    "requires": {
                        "pegjs": "0.10.0",
                        "simple-plist": "0.2.1",
                        "uuid": "3.0.1"
                    }
                },
                "xml-escape": {
                    "version": "1.1.0",
                    "bundled": true
                },
                "xmlbuilder": {
                    "version": "4.0.0",
                    "bundled": true,
                    "requires": {
                        "lodash": "3.10.1"
                    }
                },
                "xmldom": {
                    "version": "0.1.27",
                    "bundled": true
                }
            }
        },
        "cordova-plugin-badge": {
            "version": "0.8.5",
            "resolved": "https://registry.npmjs.org/cordova-plugin-badge/-/cordova-plugin-badge-0.8.5.tgz",
            "integrity": "sha512-kEa/hvNriry86UeHF1FNDGzRknn51iDpimdlL1GLcqxQLaLUs2MSXapf1u788g3gYcDfjCxszxe8c0msx1Ri4Q=="
        },
        "cordova-plugin-crosswalk-webview": {
            "version": "2.3.0",
            "resolved": "https://registry.npmjs.org/cordova-plugin-crosswalk-webview/-/cordova-plugin-crosswalk-webview-2.3.0.tgz",
            "integrity": "sha1-4u407P2t3YS9qE5yZjU55AyZ0yQ="
        },
        "cordova-plugin-device": {
            "version": "1.1.6",
            "resolved": "https://registry.npmjs.org/cordova-plugin-device/-/cordova-plugin-device-1.1.6.tgz",
            "integrity": "sha1-LSF2TK18m4AVI+TgmjDgJLJJM0s="
        },
        "cordova-plugin-facebook4": {
            "version": "1.9.1",
            "resolved": "https://registry.npmjs.org/cordova-plugin-facebook4/-/cordova-plugin-facebook4-1.9.1.tgz",
            "integrity": "sha512-B45qw+Z+GT2iIQWeF8M9EvmAzoi6Akems0FHq/dum9gRfl0uekgdaFTKiPZNgP1Q8BsC8xJU+VkhtRxsiT9gTw=="
        },
        "cordova-plugin-local-notifications": {
            "version": "git+https://github.com/katzer/cordova-plugin-local-notifications.git#d93534ba94b3bea0fc0ec4c546421ffdf1d1696c"
        },
        "cordova-plugin-statusbar": {
            "version": "git+https://github.com/apache/cordova-plugin-statusbar.git#4642be07a60503341ea0cd4f7e865fde8c57d4f8"
        },
        "cordova-plugin-whitelist": {
            "version": "1.3.2",
            "resolved": "https://registry.npmjs.org/cordova-plugin-whitelist/-/cordova-plugin-whitelist-1.3.2.tgz",
            "integrity": "sha1-W2M1/rn1MB88ATuQlsuIhb29UHY="
        },
        "cordova-plugin-x-socialsharing": {
            "version": "5.2.1",
            "resolved": "https://registry.npmjs.org/cordova-plugin-x-socialsharing/-/cordova-plugin-x-socialsharing-5.2.1.tgz",
            "integrity": "sha1-28NUuZP5t7FgA5aCLYICtzzFgfM="
        },
        "cordova-universal-links-plugin": {
            "version": "git+https://github.com/martindrapeau/cordova-universal-links-plugin.git#22225179a5debfcff801e306eb1bf5477200aeda",
            "requires": {
                "mkpath": "1.0.0",
                "node-version-compare": "1.0.1",
                "plist": "2.1.0",
                "rimraf": "2.6.2",
                "xml2js": "0.4.19"
            }
        },
        "es6-promise-plugin": {
            "version": "4.1.1",
            "resolved": "https://registry.npmjs.org/es6-promise-plugin/-/es6-promise-plugin-4.1.1.tgz",
            "integrity": "sha512-xuE0Cd7JUQSITlpV8F61kgqaBRqtFoV60H06UlhzyUcx6iS4/+xAKY+WEDCn13tOKHMwJfw9QVKAJZDAu8EMhg=="
        },
        "fs.realpath": {
            "version": "1.0.0",
            "resolved": "https://registry.npmjs.org/fs.realpath/-/fs.realpath-1.0.0.tgz",
            "integrity": "sha1-FQStJSMVjKpA20onh8sBQRmU6k8="
        },
        "glob": {
            "version": "7.1.2",
            "resolved": "https://registry.npmjs.org/glob/-/glob-7.1.2.tgz",
            "integrity": "sha512-MJTUg1kjuLeQCJ+ccE4Vpa6kKVXkPYJ2mOCQyUuKLcLQsdrMCpBPUi8qVE6+YuaJkozeA9NusTAw3hLr8Xe5EQ==",
            "requires": {
                "fs.realpath": "1.0.0",
                "inflight": "1.0.6",
                "inherits": "2.0.3",
                "minimatch": "3.0.4",
                "once": "1.4.0",
                "path-is-absolute": "1.0.1"
            }
        },
        "inflight": {
            "version": "1.0.6",
            "resolved": "https://registry.npmjs.org/inflight/-/inflight-1.0.6.tgz",
            "integrity": "sha1-Sb1jMdfQLQwJvJEKEHW6gWW1bfk=",
            "requires": {
                "once": "1.4.0",
                "wrappy": "1.0.2"
            }
        },
        "inherits": {
            "version": "2.0.3",
            "resolved": "https://registry.npmjs.org/inherits/-/inherits-2.0.3.tgz",
            "integrity": "sha1-Yzwsg+PaQqUC9SRmAiSA9CCCYd4="
        },
        "minimatch": {
            "version": "3.0.4",
            "resolved": "https://registry.npmjs.org/minimatch/-/minimatch-3.0.4.tgz",
            "integrity": "sha512-yJHVQEhyqPLUTgt9B83PXu6W3rx4MvvHvSUvToogpwoGDOUQ+yDrR0HRot+yOCdCO7u4hX3pWft6kWBBcqh0UA==",
            "requires": {
                "brace-expansion": "1.1.8"
            }
        },
        "mkpath": {
            "version": "1.0.0",
            "resolved": "https://registry.npmjs.org/mkpath/-/mkpath-1.0.0.tgz",
            "integrity": "sha1-67Opd+evHGg65v2hK1Raa6bFhT0="
        },
        "node-version-compare": {
            "version": "1.0.1",
            "resolved": "https://registry.npmjs.org/node-version-compare/-/node-version-compare-1.0.1.tgz",
            "integrity": "sha1-2Fv9IPCsreM1d/VmgscQnDTFUM0="
        },
        "once": {
            "version": "1.4.0",
            "resolved": "https://registry.npmjs.org/once/-/once-1.4.0.tgz",
            "integrity": "sha1-WDsap3WWHUsROsF9nFC6753Xa9E=",
            "requires": {
                "wrappy": "1.0.2"
            }
        },
        "path-is-absolute": {
            "version": "1.0.1",
            "resolved": "https://registry.npmjs.org/path-is-absolute/-/path-is-absolute-1.0.1.tgz",
            "integrity": "sha1-F0uSaHNVNP+8es5r9TpanhtcX18="
        },
        "plist": {
            "version": "2.1.0",
            "resolved": "https://registry.npmjs.org/plist/-/plist-2.1.0.tgz",
            "integrity": "sha1-V8zbeggh3yGDEhejytVOPhRqECU=",
            "requires": {
                "base64-js": "1.2.0",
                "xmlbuilder": "8.2.2",
                "xmldom": "0.1.27"
            }
        },
        "rimraf": {
            "version": "2.6.2",
            "resolved": "https://registry.npmjs.org/rimraf/-/rimraf-2.6.2.tgz",
            "integrity": "sha512-lreewLK/BlghmxtfH36YYVg1i8IAce4TI7oao75I1g245+6BctqTVQiBP3YUJ9C6DQOXJmkYR9X9fCLtCOJc5w==",
            "requires": {
                "glob": "7.1.2"
            }
        },
        "sax": {
            "version": "1.2.4",
            "resolved": "https://registry.npmjs.org/sax/-/sax-1.2.4.tgz",
            "integrity": "sha512-NqVDv9TpANUjFm0N8uM5GxL36UgKi9/atZw+x7YFnQ8ckwFGKrl4xX4yWtrey3UJm5nP1kUbnYgLopqWNSRhWw=="
        },
        "wrappy": {
            "version": "1.0.2",
            "resolved": "https://registry.npmjs.org/wrappy/-/wrappy-1.0.2.tgz",
            "integrity": "sha1-tSQ9jz7BqjXxNkYFvA0QNuMKtp8="
        },
        "xml2js": {
            "version": "0.4.19",
            "resolved": "https://registry.npmjs.org/xml2js/-/xml2js-0.4.19.tgz",
            "integrity": "sha512-esZnJZJOiJR9wWKMyuvSE1y6Dq5LCuJanqhxslH2bxM6duahNZ+HMpCLhBQGZkbX6xRf8x1Y2eJlgt2q3qo49Q==",
            "requires": {
                "sax": "1.2.4",
                "xmlbuilder": "9.0.4"
            },
            "dependencies": {
                "xmlbuilder": {
                    "version": "9.0.4",
                    "resolved": "https://registry.npmjs.org/xmlbuilder/-/xmlbuilder-9.0.4.tgz",
                    "integrity": "sha1-UZy0ymhtAFqEINNJbz8MruzKWA8="
                }
            }
        },
        "xmlbuilder": {
            "version": "8.2.2",
            "resolved": "https://registry.npmjs.org/xmlbuilder/-/xmlbuilder-8.2.2.tgz",
            "integrity": "sha1-aSSGc0ELS6QuGmE2VR0pIjNap3M="
        },
        "xmldom": {
            "version": "0.1.27",
            "resolved": "https://registry.npmjs.org/xmldom/-/xmldom-0.1.27.tgz",
            "integrity": "sha1-1QH5ezvbQDr4757MIFcxh6rawOk="
        }
    }
}
